PODS:
  - BLListDataSource (0.9.31)
  - BLListViewController (0.9.18):
    - BLListDataSource
    - DateTools
    - MJRefresh
  - BLParseFetch (0.5.0):
    - BLListDataSource
    - Parse
  - Bolts/Tasks (1.8.4)
  - DateTools (2.0.0)
  - MJRefresh (3.1.15.1)
  - Parse (1.15.3):
    - Bolts/Tasks (~> 1.8)

DEPENDENCIES:
  - BLListViewController (from `../`)
  - BLParseFetch

EXTERNAL SOURCES:
  BLListViewController:
    :path: ../

SPEC CHECKSUMS:
  BLListDataSource: aab700a6b47ff321648c08abc7a7146dbaee21b8
  BLListViewController: 94a779fa434a694d8f5f940d1de802c9d07629db
  BLParseFetch: c63079edacd479ede3de9f1812e7ba843cedf7c1
  Bolts: 8a7995239dbe724f9cba2248b766d48b7ebdd322
  DateTools: 933ac9c490f21f92127cf690ccd8c397e0126caf
  MJRefresh: 5f8552bc25ca8751c010f621c1098dbdaacbccd6
  Parse: cdc0f1f975ee8be0409e66f21b05df4ae067047c

PODFILE CHECKSUM: 8cb3fdddf803f0479d6f2a96c7f97f887e87ce9b

COCOAPODS: 1.3.1
